// !$*UTF8*$!
{
	archiveVersion = 1;
	classes = {
	};
	objectVersion = 46;
	objects = {

/* Begin PBXBuildFile section */
		4737F2C61ED6AFCC00810B0B /* main.m in Sources */ = {isa = PBXBuildFile; fileRef = 4737F2C51ED6AFCC00810B0B /* main.m */; };
		4737F2DF1ED6AFCC00810B0B /* SearchDemoTests.m in Sources */ = {isa = PBXBuildFile; fileRef = 4737F2DE1ED6AFCC00810B0B /* SearchDemoTests.m */; };
		4737F2EC1ED6B12C00810B0B /* Assets.xcassets in Resources */ = {isa = PBXBuildFile; fileRef = 4737F2EB1ED6B12C00810B0B /* Assets.xcassets */; };
		4737F2F31ED6B33800810B0B /* AppDelegate.m in Sources */ = {isa = PBXBuildFile; fileRef = 4737F2F11ED6B33800810B0B /* AppDelegate.m */; };
/* End PBXBuildFile section */

/* Begin PBXContainerItemProxy section */
		4737F2DB1ED6AFCC00810B0B /* PBXContainerItemProxy */ = {
			isa = PBXContainerItemProxy;
			containerPortal = 4737F2B91ED6AFCB00810B0B /* Project object */;
			proxyType = 1;
			remoteGlobalIDString = 4737F2C01ED6AFCB00810B0B;
			remoteInfo = SearchDemo;
		};
/* End PBXContainerItemProxy section */

/* Begin PBXFileReference section */
		4737F2C11ED6AFCC00810B0B /* SearchDemo.app */ = {isa = PBXFileReference; explicitFileType = wrapper.application; includeInIndex = 0; path = SearchDemo.app; sourceTree = BUILT_PRODUCTS_DIR; };
		4737F2C51ED6AFCC00810B0B /* main.m */ = {isa = PBXFileReference; lastKnownFileType = sourcecode.c.objc; path = main.m; sourceTree = "<group>"; };
		4737F2D51ED6AFCC00810B0B /* Info.plist */ = {isa = PBXFileReference; lastKnownFileType = text.plist.xml; path = Info.plist; sourceTree = "<group>"; };
		4737F2DA1ED6AFCC00810B0B /* SearchDemoTests.xctest */ = {isa = PBXFileReference; explicitFileType = wrapper.cfbundle; includeInIndex = 0; path = SearchDemoTests.xctest; sourceTree = BUILT_PRODUCTS_DIR; };
		4737F2DE1ED6AFCC00810B0B /* SearchDemoTests.m */ = {isa = PBXFileReference; lastKnownFileType = sourcecode.c.objc; path = SearchDemoTests.m; sourceTree = "<group>"; };
		4737F2E01ED6AFCC00810B0B /* Info.plist */ = {isa = PBXFileReference; lastKnownFileType = text.plist.xml; path = Info.plist; sourceTree = "<group>"; };
		4737F2EB1ED6B12C00810B0B /* Assets.xcassets */ = {isa = PBXFileReference; lastKnownFileType = folder.assetcatalog; path = Assets.xcassets; sourceTree = "<group>"; };
		4737F2F11ED6B33800810B0B /* AppDelegate.m */ = {isa = PBXFileReference; fileEncoding = 4; lastKnownFileType = sourcecode.c.objc; path = AppDelegate.m; sourceTree = "<group>"; };
		4737F2F21ED6B33800810B0B /* AppDelegate.h */ = {isa = PBXFileReference; fileEncoding = 4; lastKnownFileType = sourcecode.c.h; path = AppDelegate.h; sourceTree = "<group>"; };
/* End PBXFileReference section */

/* Begin PBXFrameworksBuildPhase section */
		4737F2BE1ED6AFCB00810B0B /* Frameworks */ = {
			isa = PBXFrameworksBuildPhase;
			buildActionMask = 2147483647;
			files = (
			);
			runOnlyForDeploymentPostprocessing = 0;
		};
		4737F2D71ED6AFCC00810B0B /* Frameworks */ = {
			isa = PBXFrameworksBuildPhase;
			buildActionMask = 2147483647;
			files = (
			);
			runOnlyForDeploymentPostprocessing = 0;
		};
/* End PBXFrameworksBuildPhase section */

/* Begin PBXGroup section */
		4737F2B81ED6AFCB00810B0B = {
			isa = PBXGroup;
			children = (
				4737F2C31ED6AFCC00810B0B /* SearchDemo */,
				4737F2DD1ED6AFCC00810B0B /* SearchDemoTests */,
				4737F2C21ED6AFCC00810B0B /* Products */,
			);
			sourceTree = "<group>";
		};
		4737F2C21ED6AFCC00810B0B /* Products */ = {
			isa = PBXGroup;
			children = (
				4737F2C11ED6AFCC00810B0B /* SearchDemo.app */,
				4737F2DA1ED6AFCC00810B0B /* SearchDemoTests.xctest */,
			);
			name = Products;
			sourceTree = "<group>";
		};
		4737F2C31ED6AFCC00810B0B /* SearchDemo */ = {
			isa = PBXGroup;
			children = (
				4737F2F41ED6B37800810B0B /* User stories */,
				4737F2EF1ED6B2AA00810B0B /* Application */,
				4737F2E91ED6B0CD00810B0B /* Resources */,
			);
			path = SearchDemo;
			sourceTree = "<group>";
		};
		4737F2C41ED6AFCC00810B0B /* Supporting Files */ = {
			isa = PBXGroup;
			children = (
				4737F2D51ED6AFCC00810B0B /* Info.plist */,
				4737F2C51ED6AFCC00810B0B /* main.m */,
			);
			path = "Supporting Files";
			sourceTree = "<group>";
		};
		4737F2DD1ED6AFCC00810B0B /* SearchDemoTests */ = {
			isa = PBXGroup;
			children = (
				4737F2DE1ED6AFCC00810B0B /* SearchDemoTests.m */,
				4737F2E01ED6AFCC00810B0B /* Info.plist */,
			);
			path = SearchDemoTests;
			sourceTree = "<group>";
		};
		4737F2E91ED6B0CD00810B0B /* Resources */ = {
			isa = PBXGroup;
			children = (
				4737F2EA1ED6B0EB00810B0B /* Images */,
				4737F2ED1ED6B17300810B0B /* Languages */,
			);
			path = Resources;
			sourceTree = "<group>";
		};
		4737F2EA1ED6B0EB00810B0B /* Images */ = {
			isa = PBXGroup;
			children = (
				4737F2EB1ED6B12C00810B0B /* Assets.xcassets */,
			);
			path = Images;
			sourceTree = "<group>";
		};
		4737F2ED1ED6B17300810B0B /* Languages */ = {
			isa = PBXGroup;
			children = (
				4737F2EE1ED6B19000810B0B /* Base.lproj */,
			);
			path = Languages;
			sourceTree = "<group>";
		};
		4737F2EE1ED6B19000810B0B /* Base.lproj */ = {
			isa = PBXGroup;
			children = (
			);
			path = Base.lproj;
			sourceTree = "<group>";
		};
		4737F2EF1ED6B2AA00810B0B /* Application */ = {
			isa = PBXGroup;
			children = (
				4737F2F01ED6B32500810B0B /* AppDelegate */,
				4737F2C41ED6AFCC00810B0B /* Supporting Files */,
			);
			path = Application;
			sourceTree = "<group>";
		};
		4737F2F01ED6B32500810B0B /* AppDelegate */ = {
			isa = PBXGroup;
			children = (
				4737F2F21ED6B33800810B0B /* AppDelegate.h */,
				4737F2F11ED6B33800810B0B /* AppDelegate.m */,
			);
			path = AppDelegate;
			sourceTree = "<group>";
		};
		4737F2F41ED6B37800810B0B /* User stories */ = {
			isa = PBXGroup;
			children = (
				4737F2F51ED6B38300810B0B /* Search */,
			);
			path = "User stories";
			sourceTree = "<group>";
		};
		4737F2F51ED6B38300810B0B /* Search */ = {
			isa = PBXGroup;
			children = (
			);
			path = Search;
			sourceTree = "<group>";
		};
/* End PBXGroup section */

/* Begin PBXNativeTarget section */
		4737F2C01ED6AFCB00810B0B /* SearchDemo */ = {
			isa = PBXNativeTarget;
			buildConfigurationList = 4737F2E31ED6AFCC00810B0B /* Build configuration list for PBXNativeTarget "SearchDemo" */;
			buildPhases = (
				4737F2BD1ED6AFCB00810B0B /* Sources */,
				4737F2BE1ED6AFCB00810B0B /* Frameworks */,
				4737F2BF1ED6AFCB00810B0B /* Resources */,
			);
			buildRules = (
			);
			dependencies = (
			);
			name = SearchDemo;
			productName = SearchDemo;
			productReference = 4737F2C11ED6AFCC00810B0B /* SearchDemo.app */;
			productType = "com.apple.product-type.application";
		};
		4737F2D91ED6AFCC00810B0B /* SearchDemoTests */ = {
			isa = PBXNativeTarget;
			buildConfigurationList = 4737F2E61ED6AFCC00810B0B /* Build configuration list for PBXNativeTarget "SearchDemoTests" */;
			buildPhases = (
				4737F2D61ED6AFCC00810B0B /* Sources */,
				4737F2D71ED6AFCC00810B0B /* Frameworks */,
				4737F2D81ED6AFCC00810B0B /* Resources */,
			);
			buildRules = (
			);
			dependencies = (
				4737F2DC1ED6AFCC00810B0B /* PBXTargetDependency */,
			);
			name = SearchDemoTests;
			productName = SearchDemoTests;
			productReference = 4737F2DA1ED6AFCC00810B0B /* SearchDemoTests.xctest */;
			productType = "com.apple.product-type.bundle.unit-test";
		};
/* End PBXNativeTarget section */

/* Begin PBXProject section */
		4737F2B91ED6AFCB00810B0B /* Project object */ = {
			isa = PBXProject;
			attributes = {
				LastUpgradeCheck = 0820;
				ORGANIZATIONNAME = "Konstantin Snegov";
				TargetAttributes = {
					4737F2C01ED6AFCB00810B0B = {
						CreatedOnToolsVersion = 8.2.1;
						DevelopmentTeam = SBH8C5W64D;
						ProvisioningStyle = Automatic;
					};
					4737F2D91ED6AFCC00810B0B = {
						CreatedOnToolsVersion = 8.2.1;
						DevelopmentTeam = SBH8C5W64D;
						ProvisioningStyle = Automatic;
						TestTargetID = 4737F2C01ED6AFCB00810B0B;
					};
				};
			};
			buildConfigurationList = 4737F2BC1ED6AFCB00810B0B /* Build configuration list for PBXProject "SearchDemo" */;
			compatibilityVersion = "Xcode 3.2";
			developmentRegion = English;
			hasScannedForEncodings = 0;
			knownRegions = (
				en,
				Base,
			);
			mainGroup = 4737F2B81ED6AFCB00810B0B;
			productRefGroup = 4737F2C21ED6AFCC00810B0B /* Products */;
			projectDirPath = "";
			projectRoot = "";
			targets = (
				4737F2C01ED6AFCB00810B0B /* SearchDemo */,
				4737F2D91ED6AFCC00810B0B /* SearchDemoTests */,
			);
		};
/* End PBXProject section */

/* Begin PBXResourcesBuildPhase section */
		4737F2BF1ED6AFCB00810B0B /* Resources */ = {
			isa = PBXResourcesBuildPhase;
			buildActionMask = 2147483647;
			files = (
				4737F2EC1ED6B12C00810B0B /* Assets.xcassets in Resources */,
			);
			runOnlyForDeploymentPostprocessing = 0;
		};
		4737F2D81ED6AFCC00810B0B /* Resources */ = {
			isa = PBXResourcesBuildPhase;
			buildActionMask = 2147483647;
			files = (
			);
			runOnlyForDeploymentPostprocessing = 0;
		};
/* End PBXResourcesBuildPhase section */

/* Begin PBXSourcesBuildPhase section */
		4737F2BD1ED6AFCB00810B0B /* Sources */ = {
			isa = PBXSourcesBuildPhase;
			buildActionMask = 2147483647;
			files = (
				4737F2F31ED6B33800810B0B /* AppDelegate.m in Sources */,
				4737F2C61ED6AFCC00810B0B /* main.m in Sources */,
			);
			runOnlyForDeploymentPostprocessing = 0;
		};
		4737F2D61ED6AFCC00810B0B /* Sources */ = {
			isa = PBXSourcesBuildPhase;
			buildActionMask = 2147483647;
			files = (
				4737F2DF1ED6AFCC00810B0B /* SearchDemoTests.m in Sources */,
			);
			runOnlyForDeploymentPostprocessing = 0;
		};
/* End PBXSourcesBuildPhase section */

/* Begin PBXTargetDependency section */
		4737F2DC1ED6AFCC00810B0B /* PBXTargetDependency */ = {
			isa = PBXTargetDependency;
			target = 4737F2C01ED6AFCB00810B0B /* SearchDemo */;
			targetProxy = 4737F2DB1ED6AFCC00810B0B /* PBXContainerItemProxy */;
		};
/* End PBXTargetDependency section */

/* Begin XCBuildConfiguration section */
		4737F2E11ED6AFCC00810B0B /* Debug */ = {
			isa = XCBuildConfiguration;
			buildSettings = {
				ALWAYS_SEARCH_USER_PATHS = NO;
				CLANG_ANALYZER_NONNULL = YES;
				CLANG_CXX_LANGUAGE_STANDARD = "gnu++0x";
				CLANG_CXX_LIBRARY = "libc++";
				CLANG_ENABLE_MODULES = YES;
				CLANG_ENABLE_OBJC_ARC = YES;
				CLANG_WARN_BOOL_CONVERSION = YES;
				CLANG_WARN_CONSTANT_CONVERSION = YES;
				CLANG_WARN_DIRECT_OBJC_ISA_USAGE = YES_ERROR;
				CLANG_WARN_DOCUMENTATION_COMMENTS = YES;
				CLANG_WARN_EMPTY_BODY = YES;
				CLANG_WARN_ENUM_CONVERSION = YES;
				CLANG_WARN_INFINITE_RECURSION = YES;
				CLANG_WARN_INT_CONVERSION = YES;
				CLANG_WARN_OBJC_ROOT_CLASS = YES_ERROR;
				CLANG_WARN_SUSPICIOUS_MOVE = YES;
				CLANG_WARN_UNREACHABLE_CODE = YES;
				CLANG_WARN__DUPLICATE_METHOD_MATCH = YES;
				"CODE_SIGN_IDENTITY[sdk=iphoneos*]" = "iPhone Developer";
				COPY_PHASE_STRIP = NO;
				DEBUG_INFORMATION_FORMAT = dwarf;
				ENABLE_STRICT_OBJC_MSGSEND = YES;
				ENABLE_TESTABILITY = YES;
				GCC_C_LANGUAGE_STANDARD = gnu99;
				GCC_DYNAMIC_NO_PIC = NO;
				GCC_NO_COMMON_BLOCKS = YES;
				GCC_OPTIMIZATION_LEVEL = 0;
				GCC_PREPROCESSOR_DEFINITIONS = (
					"DEBUG=1",
					"$(inherited)",
				);
				GCC_WARN_64_TO_32_BIT_CONVERSION = YES;
				GCC_WARN_ABOUT_RETURN_TYPE = YES_ERROR;
				GCC_WARN_UNDECLARED_SELECTOR = YES;
				GCC_WARN_UNINITIALIZED_AUTOS = YES_AGGRESSIVE;
				GCC_WARN_UNUSED_FUNCTION = YES;
				GCC_WARN_UNUSED_VARIABLE = YES;
				IPHONEOS_DEPLOYMENT_TARGET = 9.0;
				MTL_ENABLE_DEBUG_INFO = YES;
				ONLY_ACTIVE_ARCH = YES;
				SDKROOT = iphoneos;
				TARGETED_DEVICE_FAMILY = "1,2";
			};
			name = Debug;
		};
		4737F2E21ED6AFCC00810B0B /* Release */ = {
			isa = XCBuildConfiguration;
			buildSettings = {
				ALWAYS_SEARCH_USER_PATHS = NO;
				CLANG_ANALYZER_NONNULL = YES;
				CLANG_CXX_LANGUAGE_STANDARD = "gnu++0x";
				CLANG_CXX_LIBRARY = "libc++";
				CLANG_ENABLE_MODULES = YES;
				CLANG_ENABLE_OBJC_ARC = YES;
				CLANG_WARN_BOOL_CONVERSION = YES;
				CLANG_WARN_CONSTANT_CONVERSION = YES;
				CLANG_WARN_DIRECT_OBJC_ISA_USAGE = YES_ERROR;
				CLANG_WARN_DOCUMENTATION_COMMENTS = YES;
				CLANG_WARN_EMPTY_BODY = YES;
				CLANG_WARN_ENUM_CONVERSION = YES;
				CLANG_WARN_INFINITE_RECURSION = YES;
				CLANG_WARN_INT_CONVERSION = YES;
				CLANG_WARN_OBJC_ROOT_CLASS = YES_ERROR;
				CLANG_WARN_SUSPICIOUS_MOVE = YES;
				CLANG_WARN_UNREACHABLE_CODE = YES;
				CLANG_WARN__DUPLICATE_METHOD_MATCH = YES;
				"CODE_SIGN_IDENTITY[sdk=iphoneos*]" = "iPhone Developer";
				COPY_PHASE_STRIP = NO;
				DEBUG_INFORMATION_FORMAT = "dwarf-with-dsym";
				ENABLE_NS_ASSERTIONS = NO;
				ENABLE_STRICT_OBJC_MSGSEND = YES;
				GCC_C_LANGUAGE_STANDARD = gnu99;
				GCC_NO_COMMON_BLOCKS = YES;
				GCC_WARN_64_TO_32_BIT_CONVERSION = YES;
				GCC_WARN_ABOUT_RETURN_TYPE = YES_ERROR;
				GCC_WARN_UNDECLARED_SELECTOR = YES;
				GCC_WARN_UNINITIALIZED_AUTOS = YES_AGGRESSIVE;
				GCC_WARN_UNUSED_FUNCTION = YES;
				GCC_WARN_UNUSED_VARIABLE = YES;
				IPHONEOS_DEPLOYMENT_TARGET = 9.0;
				MTL_ENABLE_DEBUG_INFO = NO;
				SDKROOT = iphoneos;
				TARGETED_DEVICE_FAMILY = "1,2";
				VALIDATE_PRODUCT = YES;
			};
			name = Release;
		};
		4737F2E41ED6AFCC00810B0B /* Debug */ = {
			isa = XCBuildConfiguration;
			buildSettings = {
				ASSETCATALOG_COMPILER_APPICON_NAME = AppIcon;
				DEVELOPMENT_TEAM = SBH8C5W64D;
				INFOPLIST_FILE = "$(SRCROOT)/SearchDemo/Application/Supporting Files/Info.plist";
				LD_RUNPATH_SEARCH_PATHS = "$(inherited) @executable_path/Frameworks";
				PRODUCT_BUNDLE_IDENTIFIER = ksnegov.SearchDemo;
				PRODUCT_NAME = "$(TARGET_NAME)";
			};
			name = Debug;
		};
		4737F2E51ED6AFCC00810B0B /* Release */ = {
			isa = XCBuildConfiguration;
			buildSettings = {
				ASSETCATALOG_COMPILER_APPICON_NAME = AppIcon;
				DEVELOPMENT_TEAM = SBH8C5W64D;
				INFOPLIST_FILE = "$(SRCROOT)/SearchDemo/Application/Supporting Files/Info.plist";
				LD_RUNPATH_SEARCH_PATHS = "$(inherited) @executable_path/Frameworks";
				PRODUCT_BUNDLE_IDENTIFIER = ksnegov.SearchDemo;
				PRODUCT_NAME = "$(TARGET_NAME)";
			};
			name = Release;
		};
		4737F2E71ED6AFCC00810B0B /* Debug */ = {
			isa = XCBuildConfiguration;
			buildSettings = {
				BUNDLE_LOADER = "$(TEST_HOST)";
				DEVELOPMENT_TEAM = SBH8C5W64D;
				INFOPLIST_FILE = SearchDemoTests/Info.plist;
				LD_RUNPATH_SEARCH_PATHS = "$(inherited) @executable_path/Frameworks @loader_path/Frameworks";
				PRODUCT_BUNDLE_IDENTIFIER = ksnegov.SearchDemoTests;
				PRODUCT_NAME = "$(TARGET_NAME)";
				TEST_HOST = "$(BUILT_PRODUCTS_DIR)/SearchDemo.app/SearchDemo";
			};
			name = Debug;
		};
		4737F2E81ED6AFCC00810B0B /* Release */ = {
			isa = XCBuildConfiguration;
			buildSettings = {
				BUNDLE_LOADER = "$(TEST_HOST)";
				DEVELOPMENT_TEAM = SBH8C5W64D;
				INFOPLIST_FILE = SearchDemoTests/Info.plist;
				LD_RUNPATH_SEARCH_PATHS = "$(inherited) @executable_path/Frameworks @loader_path/Frameworks";
				PRODUCT_BUNDLE_IDENTIFIER = ksnegov.SearchDemoTests;
				PRODUCT_NAME = "$(TARGET_NAME)";
				TEST_HOST = "$(BUILT_PRODUCTS_DIR)/SearchDemo.app/SearchDemo";
			};
			name = Release;
		};
/* End XCBuildConfiguration section */

/* Begin XCConfigurationList section */
		4737F2BC1ED6AFCB00810B0B /* Build configuration list for PBXProject "SearchDemo" */ = {
			isa = XCConfigurationList;
			buildConfigurations = (
				4737F2E11ED6AFCC00810B0B /* Debug */,
				4737F2E21ED6AFCC00810B0B /* Release */,
			);
			defaultConfigurationIsVisible = 0;
			defaultConfigurationName = Release;
		};
		4737F2E31ED6AFCC00810B0B /* Build configuration list for PBXNativeTarget "SearchDemo" */ = {
			isa = XCConfigurationList;
			buildConfigurations = (
				4737F2E41ED6AFCC00810B0B /* Debug */,
				4737F2E51ED6AFCC00810B0B /* Release */,
			);
			defaultConfigurationIsVisible = 0;
		};
		4737F2E61ED6AFCC00810B0B /* Build configuration list for PBXNativeTarget "SearchDemoTests" */ = {
			isa = XCConfigurationList;
			buildConfigurations = (
				4737F2E71ED6AFCC00810B0B /* Debug */,
				4737F2E81ED6AFCC00810B0B /* Release */,
			);
			defaultConfigurationIsVisible = 0;
		};
/* End XCConfigurationList section */
	};
	rootObject = 4737F2B91ED6AFCB00810B0B /* Project object */;
}
